// !$*UTF8*$!
{
	archiveVersion = 1;
	classes = {
	};
	objectVersion = 55;
	objects = {

/* Begin PBXBuildFile section */
		A12D7D1F27E8CC4700D0F179 /* PullToRefreshPOCSwiftUIApp.swift in Sources */ = {isa = PBXBuildFile; fileRef = A12D7D1E27E8CC4700D0F179 /* PullToRefreshPOCSwiftUIApp.swift */; };
		A12D7D2127E8CC4700D0F179 /* ContentView.swift in Sources */ = {isa = PBXBuildFile; fileRef = A12D7D2027E8CC4700D0F179 /* ContentView.swift */; };
		A12D7D2327E8CC4800D0F179 /* Assets.xcassets in Resources */ = {isa = PBXBuildFile; fileRef = A12D7D2227E8CC4800D0F179 /* Assets.xcassets */; };
		A12D7D2627E8CC4800D0F179 /* Preview Assets.xcassets in Resources */ = {isa = PBXBuildFile; fileRef = A12D7D2527E8CC4800D0F179 /* Preview Assets.xcassets */; };
		A12D7D3227E8DD7700D0F179 /* ListResponse.swift in Sources */ = {isa = PBXBuildFile; fileRef = A12D7D3127E8DD7700D0F179 /* ListResponse.swift */; };
		A1F1628527E9C41300B92258 /* Introspect in Frameworks */ = {isa = PBXBuildFile; productRef = A1F1628427E9C41300B92258 /* Introspect */; };
		A1F1628827E9C55A00B92258 /* UIScrollView+Extensions.swift in Sources */ = {isa = PBXBuildFile; fileRef = A1F1628727E9C55A00B92258 /* UIScrollView+Extensions.swift */; };
		A1F1628A27E9C58500B92258 /* View+Extensions.swift in Sources */ = {isa = PBXBuildFile; fileRef = A1F1628927E9C58500B92258 /* View+Extensions.swift */; };
		A1F1628D27E9C5AF00B92258 /* OnListRefreshModifier.swift in Sources */ = {isa = PBXBuildFile; fileRef = A1F1628C27E9C5AF00B92258 /* OnListRefreshModifier.swift */; };
		A1F1629027E9C63F00B92258 /* ContentViewModel.swift in Sources */ = {isa = PBXBuildFile; fileRef = A1F1628F27E9C63F00B92258 /* ContentViewModel.swift */; };
		A1F1629227E9C69100B92258 /* RefreshableModifier.swift in Sources */ = {isa = PBXBuildFile; fileRef = A1F1629127E9C69100B92258 /* RefreshableModifier.swift */; };
		A1F1629827E9C74000B92258 /* RefreshAction.swift in Sources */ = {isa = PBXBuildFile; fileRef = A1F1629727E9C74000B92258 /* RefreshAction.swift */; };
		A1F1629A27E9C76F00B92258 /* RefreshActionKey.swift in Sources */ = {isa = PBXBuildFile; fileRef = A1F1629927E9C76F00B92258 /* RefreshActionKey.swift */; };
		A1F1629C27E9C79700B92258 /* EnvironmentValues+Extensions.swift in Sources */ = {isa = PBXBuildFile; fileRef = A1F1629B27E9C79700B92258 /* EnvironmentValues+Extensions.swift */; };
		A1F1629F27EA06B500B92258 /* RequestError.swift in Sources */ = {isa = PBXBuildFile; fileRef = A1F1629E27EA06B500B92258 /* RequestError.swift */; };
/* End PBXBuildFile section */

/* Begin PBXFileReference section */
		A12D7D1B27E8CC4700D0F179 /* PullToRefreshPOCSwiftUI.app */ = {isa = PBXFileReference; explicitFileType = wrapper.application; includeInIndex = 0; path = PullToRefreshPOCSwiftUI.app; sourceTree = BUILT_PRODUCTS_DIR; };
		A12D7D1E27E8CC4700D0F179 /* PullToRefreshPOCSwiftUIApp.swift */ = {isa = PBXFileReference; lastKnownFileType = sourcecode.swift; path = PullToRefreshPOCSwiftUIApp.swift; sourceTree = "<group>"; };
		A12D7D2027E8CC4700D0F179 /* ContentView.swift */ = {isa = PBXFileReference; lastKnownFileType = sourcecode.swift; path = ContentView.swift; sourceTree = "<group>"; };
		A12D7D2227E8CC4800D0F179 /* Assets.xcassets */ = {isa = PBXFileReference; lastKnownFileType = folder.assetcatalog; path = Assets.xcassets; sourceTree = "<group>"; };
		A12D7D2527E8CC4800D0F179 /* Preview Assets.xcassets */ = {isa = PBXFileReference; lastKnownFileType = folder.assetcatalog; path = "Preview Assets.xcassets"; sourceTree = "<group>"; };
		A12D7D3127E8DD7700D0F179 /* ListResponse.swift */ = {isa = PBXFileReference; lastKnownFileType = sourcecode.swift; path = ListResponse.swift; sourceTree = "<group>"; };
		A1F1628727E9C55A00B92258 /* UIScrollView+Extensions.swift */ = {isa = PBXFileReference; lastKnownFileType = sourcecode.swift; path = "UIScrollView+Extensions.swift"; sourceTree = "<group>"; };
		A1F1628927E9C58500B92258 /* View+Extensions.swift */ = {isa = PBXFileReference; lastKnownFileType = sourcecode.swift; path = "View+Extensions.swift"; sourceTree = "<group>"; };
		A1F1628C27E9C5AF00B92258 /* OnListRefreshModifier.swift */ = {isa = PBXFileReference; lastKnownFileType = sourcecode.swift; path = OnListRefreshModifier.swift; sourceTree = "<group>"; };
		A1F1628F27E9C63F00B92258 /* ContentViewModel.swift */ = {isa = PBXFileReference; lastKnownFileType = sourcecode.swift; path = ContentViewModel.swift; sourceTree = "<group>"; };
		A1F1629127E9C69100B92258 /* RefreshableModifier.swift */ = {isa = PBXFileReference; lastKnownFileType = sourcecode.swift; path = RefreshableModifier.swift; sourceTree = "<group>"; };
		A1F1629727E9C74000B92258 /* RefreshAction.swift */ = {isa = PBXFileReference; lastKnownFileType = sourcecode.swift; path = RefreshAction.swift; sourceTree = "<group>"; };
		A1F1629927E9C76F00B92258 /* RefreshActionKey.swift */ = {isa = PBXFileReference; lastKnownFileType = sourcecode.swift; path = RefreshActionKey.swift; sourceTree = "<group>"; };
		A1F1629B27E9C79700B92258 /* EnvironmentValues+Extensions.swift */ = {isa = PBXFileReference; lastKnownFileType = sourcecode.swift; path = "EnvironmentValues+Extensions.swift"; sourceTree = "<group>"; };
		A1F1629E27EA06B500B92258 /* RequestError.swift */ = {isa = PBXFileReference; lastKnownFileType = sourcecode.swift; path = RequestError.swift; sourceTree = "<group>"; };
/* End PBXFileReference section */

/* Begin PBXFrameworksBuildPhase section */
		A12D7D1827E8CC4700D0F179 /* Frameworks */ = {
			isa = PBXFrameworksBuildPhase;
			buildActionMask = 2147483647;
			files = (
				A1F1628527E9C41300B92258 /* Introspect in Frameworks */,
			);
			runOnlyForDeploymentPostprocessing = 0;
		};
/* End PBXFrameworksBuildPhase section */

/* Begin PBXGroup section */
		A12D7D1227E8CC4700D0F179 = {
			isa = PBXGroup;
			children = (
				A12D7D1D27E8CC4700D0F179 /* PullToRefreshPOCSwiftUI */,
				A12D7D1C27E8CC4700D0F179 /* Products */,
			);
			sourceTree = "<group>";
		};
		A12D7D1C27E8CC4700D0F179 /* Products */ = {
			isa = PBXGroup;
			children = (
				A12D7D1B27E8CC4700D0F179 /* PullToRefreshPOCSwiftUI.app */,
			);
			name = Products;
			sourceTree = "<group>";
		};
		A12D7D1D27E8CC4700D0F179 /* PullToRefreshPOCSwiftUI */ = {
			isa = PBXGroup;
			children = (
				A1F1629327E9C70B00B92258 /* RefreshModule */,
				A1F1629D27EA06AD00B92258 /* Network */,
				A1F1628E27E9C63200B92258 /* ViewModels */,
				A12D7D3027E8DD6800D0F179 /* Views */,
				A12D7D2F27E8DD6300D0F179 /* Models */,
				A12D7D1E27E8CC4700D0F179 /* PullToRefreshPOCSwiftUIApp.swift */,
				A12D7D2227E8CC4800D0F179 /* Assets.xcassets */,
				A12D7D2427E8CC4800D0F179 /* Preview Content */,
			);
			path = PullToRefreshPOCSwiftUI;
			sourceTree = "<group>";
		};
		A12D7D2427E8CC4800D0F179 /* Preview Content */ = {
			isa = PBXGroup;
			children = (
				A12D7D2527E8CC4800D0F179 /* Preview Assets.xcassets */,
			);
			path = "Preview Content";
			sourceTree = "<group>";
		};
		A12D7D2F27E8DD6300D0F179 /* Models */ = {
			isa = PBXGroup;
			children = (
				A12D7D3127E8DD7700D0F179 /* ListResponse.swift */,
			);
			path = Models;
			sourceTree = "<group>";
		};
		A12D7D3027E8DD6800D0F179 /* Views */ = {
			isa = PBXGroup;
			children = (
				A12D7D2027E8CC4700D0F179 /* ContentView.swift */,
			);
			path = Views;
			sourceTree = "<group>";
		};
		A1F1628E27E9C63200B92258 /* ViewModels */ = {
			isa = PBXGroup;
			children = (
				A1F1628F27E9C63F00B92258 /* ContentViewModel.swift */,
			);
			path = ViewModels;
			sourceTree = "<group>";
		};
		A1F1629327E9C70B00B92258 /* RefreshModule */ = {
			isa = PBXGroup;
			children = (
				A1F1629627E9C71D00B92258 /* Models */,
				A1F1629527E9C71800B92258 /* Modifiers */,
				A1F1629427E9C71400B92258 /* Extensions */,
			);
			path = RefreshModule;
			sourceTree = "<group>";
		};
		A1F1629427E9C71400B92258 /* Extensions */ = {
			isa = PBXGroup;
			children = (
				A1F1628727E9C55A00B92258 /* UIScrollView+Extensions.swift */,
				A1F1628927E9C58500B92258 /* View+Extensions.swift */,
				A1F1629B27E9C79700B92258 /* EnvironmentValues+Extensions.swift */,
			);
			path = Extensions;
			sourceTree = "<group>";
		};
		A1F1629527E9C71800B92258 /* Modifiers */ = {
			isa = PBXGroup;
			children = (
				A1F1628C27E9C5AF00B92258 /* OnListRefreshModifier.swift */,
				A1F1629127E9C69100B92258 /* RefreshableModifier.swift */,
			);
			path = Modifiers;
			sourceTree = "<group>";
		};
		A1F1629627E9C71D00B92258 /* Models */ = {
			isa = PBXGroup;
			children = (
				A1F1629727E9C74000B92258 /* RefreshAction.swift */,
				A1F1629927E9C76F00B92258 /* RefreshActionKey.swift */,
			);
			path = Models;
			sourceTree = "<group>";
		};
		A1F1629D27EA06AD00B92258 /* Network */ = {
			isa = PBXGroup;
			children = (
				A1F1629E27EA06B500B92258 /* RequestError.swift */,
			);
			path = Network;
			sourceTree = "<group>";
		};
/* End PBXGroup section */

/* Begin PBXNativeTarget section */
		A12D7D1A27E8CC4700D0F179 /* PullToRefreshPOCSwiftUI */ = {
			isa = PBXNativeTarget;
			buildConfigurationList = A12D7D2927E8CC4800D0F179 /* Build configuration list for PBXNativeTarget "PullToRefreshPOCSwiftUI" */;
			buildPhases = (
				A12D7D1727E8CC4700D0F179 /* Sources */,
				A12D7D1827E8CC4700D0F179 /* Frameworks */,
				A12D7D1927E8CC4700D0F179 /* Resources */,
			);
			buildRules = (
			);
			dependencies = (
			);
			name = PullToRefreshPOCSwiftUI;
			packageProductDependencies = (
				A1F1628427E9C41300B92258 /* Introspect */,
			);
			productName = PullToRefreshPOCSwiftUI;
			productReference = A12D7D1B27E8CC4700D0F179 /* PullToRefreshPOCSwiftUI.app */;
			productType = "com.apple.product-type.application";
		};
/* End PBXNativeTarget section */

/* Begin PBXProject section */
		A12D7D1327E8CC4700D0F179 /* Project object */ = {
			isa = PBXProject;
			attributes = {
				BuildIndependentTargetsInParallel = 1;
				LastSwiftUpdateCheck = 1320;
				LastUpgradeCheck = 1320;
				TargetAttributes = {
					A12D7D1A27E8CC4700D0F179 = {
						CreatedOnToolsVersion = 13.2;
					};
				};
			};
			buildConfigurationList = A12D7D1627E8CC4700D0F179 /* Build configuration list for PBXProject "PullToRefreshPOCSwiftUI" */;
			compatibilityVersion = "Xcode 13.0";
			developmentRegion = en;
			hasScannedForEncodings = 0;
			knownRegions = (
				en,
				Base,
			);
			mainGroup = A12D7D1227E8CC4700D0F179;
			packageReferences = (
				A1F1628327E9C41300B92258 /* XCRemoteSwiftPackageReference "SwiftUI-Introspect" */,
			);
			productRefGroup = A12D7D1C27E8CC4700D0F179 /* Products */;
			projectDirPath = "";
			projectRoot = "";
			targets = (
				A12D7D1A27E8CC4700D0F179 /* PullToRefreshPOCSwiftUI */,
			);
		};
/* End PBXProject section */

/* Begin PBXResourcesBuildPhase section */
		A12D7D1927E8CC4700D0F179 /* Resources */ = {
			isa = PBXResourcesBuildPhase;
			buildActionMask = 2147483647;
			files = (
				A12D7D2627E8CC4800D0F179 /* Preview Assets.xcassets in Resources */,
				A12D7D2327E8CC4800D0F179 /* Assets.xcassets in Resources */,
			);
			runOnlyForDeploymentPostprocessing = 0;
		};
/* End PBXResourcesBuildPhase section */

/* Begin PBXSourcesBuildPhase section */
		A12D7D1727E8CC4700D0F179 /* Sources */ = {
			isa = PBXSourcesBuildPhase;
			buildActionMask = 2147483647;
			files = (
				A1F1629C27E9C79700B92258 /* EnvironmentValues+Extensions.swift in Sources */,
				A12D7D3227E8DD7700D0F179 /* ListResponse.swift in Sources */,
				A1F1628A27E9C58500B92258 /* View+Extensions.swift in Sources */,
				A1F1628827E9C55A00B92258 /* UIScrollView+Extensions.swift in Sources */,
				A1F1629A27E9C76F00B92258 /* RefreshActionKey.swift in Sources */,
				A1F1629227E9C69100B92258 /* RefreshableModifier.swift in Sources */,
				A1F1629827E9C74000B92258 /* RefreshAction.swift in Sources */,
				A1F1629027E9C63F00B92258 /* ContentViewModel.swift in Sources */,
				A1F1629F27EA06B500B92258 /* RequestError.swift in Sources */,
				A1F1628D27E9C5AF00B92258 /* OnListRefreshModifier.swift in Sources */,
				A12D7D2127E8CC4700D0F179 /* ContentView.swift in Sources */,
				A12D7D1F27E8CC4700D0F179 /* PullToRefreshPOCSwiftUIApp.swift in Sources */,
			);
			runOnlyForDeploymentPostprocessing = 0;
		};
/* End PBXSourcesBuildPhase section */

/* Begin XCBuildConfiguration section */
		A12D7D2727E8CC4800D0F179 /* Debug */ = {
			isa = XCBuildConfiguration;
			buildSettings = {
				ALWAYS_SEARCH_USER_PATHS = NO;
				CLANG_ANALYZER_NONNULL = YES;
				CLANG_ANALYZER_NUMBER_OBJECT_CONVERSION = YES_AGGRESSIVE;
				CLANG_CXX_LANGUAGE_STANDARD = "gnu++17";
				CLANG_CXX_LIBRARY = "libc++";
				CLANG_ENABLE_MODULES = YES;
				CLANG_ENABLE_OBJC_ARC = YES;
				CLANG_ENABLE_OBJC_WEAK = YES;
				CLANG_WARN_BLOCK_CAPTURE_AUTORELEASING = YES;
				CLANG_WARN_BOOL_CONVERSION = YES;
				CLANG_WARN_COMMA = YES;
				CLANG_WARN_CONSTANT_CONVERSION = YES;
				CLANG_WARN_DEPRECATED_OBJC_IMPLEMENTATIONS = YES;
				CLANG_WARN_DIRECT_OBJC_ISA_USAGE = YES_ERROR;
				CLANG_WARN_DOCUMENTATION_COMMENTS = YES;
				CLANG_WARN_EMPTY_BODY = YES;
				CLANG_WARN_ENUM_CONVERSION = YES;
				CLANG_WARN_INFINITE_RECURSION = YES;
				CLANG_WARN_INT_CONVERSION = YES;
				CLANG_WARN_NON_LITERAL_NULL_CONVERSION = YES;
				CLANG_WARN_OBJC_IMPLICIT_RETAIN_SELF = YES;
				CLANG_WARN_OBJC_LITERAL_CONVERSION = YES;
				CLANG_WARN_OBJC_ROOT_CLASS = YES_ERROR;
				CLANG_WARN_QUOTED_INCLUDE_IN_FRAMEWORK_HEADER = YES;
				CLANG_WARN_RANGE_LOOP_ANALYSIS = YES;
				CLANG_WARN_STRICT_PROTOTYPES = YES;
				CLANG_WARN_SUSPICIOUS_MOVE = YES;
				CLANG_WARN_UNGUARDED_AVAILABILITY = YES_AGGRESSIVE;
				CLANG_WARN_UNREACHABLE_CODE = YES;
				CLANG_WARN__DUPLICATE_METHOD_MATCH = YES;
				COPY_PHASE_STRIP = NO;
				DEBUG_INFORMATION_FORMAT = dwarf;
				ENABLE_STRICT_OBJC_MSGSEND = YES;
				ENABLE_TESTABILITY = YES;
				GCC_C_LANGUAGE_STANDARD = gnu11;
				GCC_DYNAMIC_NO_PIC = NO;
				GCC_NO_COMMON_BLOCKS = YES;
				GCC_OPTIMIZATION_LEVEL = 0;
				GCC_PREPROCESSOR_DEFINITIONS = (
					"DEBUG=1",
					"$(inherited)",
				);
				GCC_WARN_64_TO_32_BIT_CONVERSION = YES;
				GCC_WARN_ABOUT_RETURN_TYPE = YES_ERROR;
				GCC_WARN_UNDECLARED_SELECTOR = YES;
				GCC_WARN_UNINITIALIZED_AUTOS = YES_AGGRESSIVE;
				GCC_WARN_UNUSED_FUNCTION = YES;
				GCC_WARN_UNUSED_VARIABLE = YES;
				IPHONEOS_DEPLOYMENT_TARGET = 14.0;
				MTL_ENABLE_DEBUG_INFO = INCLUDE_SOURCE;
				MTL_FAST_MATH = YES;
				ONLY_ACTIVE_ARCH = YES;
				SDKROOT = iphoneos;
				SWIFT_ACTIVE_COMPILATION_CONDITIONS = DEBUG;
				SWIFT_OPTIMIZATION_LEVEL = "-Onone";
			};
			name = Debug;
		};
		A12D7D2827E8CC4800D0F179 /* Release */ = {
			isa = XCBuildConfiguration;
			buildSettings = {
				ALWAYS_SEARCH_USER_PATHS = NO;
				CLANG_ANALYZER_NONNULL = YES;
				CLANG_ANALYZER_NUMBER_OBJECT_CONVERSION = YES_AGGRESSIVE;
				CLANG_CXX_LANGUAGE_STANDARD = "gnu++17";
				CLANG_CXX_LIBRARY = "libc++";
				CLANG_ENABLE_MODULES = YES;
				CLANG_ENABLE_OBJC_ARC = YES;
				CLANG_ENABLE_OBJC_WEAK = YES;
				CLANG_WARN_BLOCK_CAPTURE_AUTORELEASING = YES;
				CLANG_WARN_BOOL_CONVERSION = YES;
				CLANG_WARN_COMMA = YES;
				CLANG_WARN_CONSTANT_CONVERSION = YES;
				CLANG_WARN_DEPRECATED_OBJC_IMPLEMENTATIONS = YES;
				CLANG_WARN_DIRECT_OBJC_ISA_USAGE = YES_ERROR;
				CLANG_WARN_DOCUMENTATION_COMMENTS = YES;
				CLANG_WARN_EMPTY_BODY = YES;
				CLANG_WARN_ENUM_CONVERSION = YES;
				CLANG_WARN_INFINITE_RECURSION = YES;
				CLANG_WARN_INT_CONVERSION = YES;
				CLANG_WARN_NON_LITERAL_NULL_CONVERSION = YES;
				CLANG_WARN_OBJC_IMPLICIT_RETAIN_SELF = YES;
				CLANG_WARN_OBJC_LITERAL_CONVERSION = YES;
				CLANG_WARN_OBJC_ROOT_CLASS = YES_ERROR;
				CLANG_WARN_QUOTED_INCLUDE_IN_FRAMEWORK_HEADER = YES;
				CLANG_WARN_RANGE_LOOP_ANALYSIS = YES;
				CLANG_WARN_STRICT_PROTOTYPES = YES;
				CLANG_WARN_SUSPICIOUS_MOVE = YES;
				CLANG_WARN_UNGUARDED_AVAILABILITY = YES_AGGRESSIVE;
				CLANG_WARN_UNREACHABLE_CODE = YES;
				CLANG_WARN__DUPLICATE_METHOD_MATCH = YES;
				COPY_PHASE_STRIP = NO;
				DEBUG_INFORMATION_FORMAT = "dwarf-with-dsym";
				ENABLE_NS_ASSERTIONS = NO;
				ENABLE_STRICT_OBJC_MSGSEND = YES;
				GCC_C_LANGUAGE_STANDARD = gnu11;
				GCC_NO_COMMON_BLOCKS = YES;
				GCC_WARN_64_TO_32_BIT_CONVERSION = YES;
				GCC_WARN_ABOUT_RETURN_TYPE = YES_ERROR;
				GCC_WARN_UNDECLARED_SELECTOR = YES;
				GCC_WARN_UNINITIALIZED_AUTOS = YES_AGGRESSIVE;
				GCC_WARN_UNUSED_FUNCTION = YES;
				GCC_WARN_UNUSED_VARIABLE = YES;
				IPHONEOS_DEPLOYMENT_TARGET = 14.0;
				MTL_ENABLE_DEBUG_INFO = NO;
				MTL_FAST_MATH = YES;
				SDKROOT = iphoneos;
				SWIFT_COMPILATION_MODE = wholemodule;
				SWIFT_OPTIMIZATION_LEVEL = "-O";
				VALIDATE_PRODUCT = YES;
			};
			name = Release;
		};
		A12D7D2A27E8CC4800D0F179 /* Debug */ = {
			isa = XCBuildConfiguration;
			buildSettings = {
				ASSETCATALOG_COMPILER_APPICON_NAME = AppIcon;
				ASSETCATALOG_COMPILER_GLOBAL_ACCENT_COLOR_NAME = AccentColor;
				CODE_SIGN_STYLE = Automatic;
				CURRENT_PROJECT_VERSION = 1;
				DEVELOPMENT_ASSET_PATHS = "\"PullToRefreshPOCSwiftUI/Preview Content\"";
				DEVELOPMENT_TEAM = 2A9FP4ZCF6;
				ENABLE_PREVIEWS = YES;
				GENERATE_INFOPLIST_FILE = YES;
				INFOPLIST_KEY_UIApplicationSceneManifest_Generation = YES;
				INFOPLIST_KEY_UIApplicationSupportsIndirectInputEvents = YES;
				INFOPLIST_KEY_UILaunchScreen_Generation = YES;
				INFOPLIST_KEY_UISupportedInterfaceOrientations_iPad = "UIInterfaceOrientationPortrait UIInterfaceOrientationPortraitUpsideDown UIInterfaceOrientationLandscapeLeft UIInterfaceOrientationLandscapeRight";
				INFOPLIST_KEY_UISupportedInterfaceOrientations_iPhone = "UIInterfaceOrientationPortrait UIInterfaceOrientationLandscapeLeft UIInterfaceOrientationLandscapeRight";
				LD_RUNPATH_SEARCH_PATHS = (
					"$(inherited)",
					"@executable_path/Frameworks",
				);
				MARKETING_VERSION = 1.0;
				PRODUCT_BUNDLE_IDENTIFIER = com.vladovich.PullToRefreshPOCSwiftUI;
				PRODUCT_NAME = "$(TARGET_NAME)";
				SWIFT_EMIT_LOC_STRINGS = YES;
				SWIFT_VERSION = 5.0;
				TARGETED_DEVICE_FAMILY = "1,2";
			};
			name = Debug;
		};
		A12D7D2B27E8CC4800D0F179 /* Release */ = {
			isa = XCBuildConfiguration;
			buildSettings = {
				ASSETCATALOG_COMPILER_APPICON_NAME = AppIcon;
				ASSETCATALOG_COMPILER_GLOBAL_ACCENT_COLOR_NAME = AccentColor;
				CODE_SIGN_STYLE = Automatic;
				CURRENT_PROJECT_VERSION = 1;
				DEVELOPMENT_ASSET_PATHS = "\"PullToRefreshPOCSwiftUI/Preview Content\"";
				DEVELOPMENT_TEAM = 2A9FP4ZCF6;
				ENABLE_PREVIEWS = YES;
				GENERATE_INFOPLIST_FILE = YES;
				INFOPLIST_KEY_UIApplicationSceneManifest_Generation = YES;
				INFOPLIST_KEY_UIApplicationSupportsIndirectInputEvents = YES;
				INFOPLIST_KEY_UILaunchScreen_Generation = YES;
				INFOPLIST_KEY_UISupportedInterfaceOrientations_iPad = "UIInterfaceOrientationPortrait UIInterfaceOrientationPortraitUpsideDown UIInterfaceOrientationLandscapeLeft UIInterfaceOrientationLandscapeRight";
				INFOPLIST_KEY_UISupportedInterfaceOrientations_iPhone = "UIInterfaceOrientationPortrait UIInterfaceOrientationLandscapeLeft UIInterfaceOrientationLandscapeRight";
				LD_RUNPATH_SEARCH_PATHS = (
					"$(inherited)",
					"@executable_path/Frameworks",
				);
				MARKETING_VERSION = 1.0;
				PRODUCT_BUNDLE_IDENTIFIER = com.vladovich.PullToRefreshPOCSwiftUI;
				PRODUCT_NAME = "$(TARGET_NAME)";
				SWIFT_EMIT_LOC_STRINGS = YES;
				SWIFT_VERSION = 5.0;
				TARGETED_DEVICE_FAMILY = "1,2";
			};
			name = Release;
		};
/* End XCBuildConfiguration section */

/* Begin XCConfigurationList section */
		A12D7D1627E8CC4700D0F179 /* Build configuration list for PBXProject "PullToRefreshPOCSwiftUI" */ = {
			isa = XCConfigurationList;
			buildConfigurations = (
				A12D7D2727E8CC4800D0F179 /* Debug */,
				A12D7D2827E8CC4800D0F179 /* Release */,
			);
			defaultConfigurationIsVisible = 0;
			defaultConfigurationName = Release;
		};
		A12D7D2927E8CC4800D0F179 /* Build configuration list for PBXNativeTarget "PullToRefreshPOCSwiftUI" */ = {
			isa = XCConfigurationList;
			buildConfigurations = (
				A12D7D2A27E8CC4800D0F179 /* Debug */,
				A12D7D2B27E8CC4800D0F179 /* Release */,
			);
			defaultConfigurationIsVisible = 0;
			defaultConfigurationName = Release;
		};
/* End XCConfigurationList section */

/* Begin XCRemoteSwiftPackageReference section */
		A1F1628327E9C41300B92258 /* XCRemoteSwiftPackageReference "SwiftUI-Introspect" */ = {
			isa = XCRemoteSwiftPackageReference;
			repositoryURL = "https://github.com/siteline/SwiftUI-Introspect";
			requirement = {
				kind = upToNextMajorVersion;
				minimumVersion = 0.1.4;
			};
		};
/* End XCRemoteSwiftPackageReference section */

/* Begin XCSwiftPackageProductDependency section */
		A1F1628427E9C41300B92258 /* Introspect */ = {
			isa = XCSwiftPackageProductDependency;
			package = A1F1628327E9C41300B92258 /* XCRemoteSwiftPackageReference "SwiftUI-Introspect" */;
			productName = Introspect;
		};
/* End XCSwiftPackageProductDependency section */
	};
	rootObject = A12D7D1327E8CC4700D0F179 /* Project object */;
}
