{
  "object": {
    "pins": [
      {
        "package": "RefreshableScrollView",
        "repositoryURL": "https://github.com/vlidu/RefreshableScrollView",
        "state": {
          "branch": "main",
          "revision": "d6c8f586e023190bcdae22381771fb529a419ff6",
          "version": null
        }
      },
      {
        "package": "Introspect",
        "repositoryURL": "https://github.com/siteline/SwiftUI-Introspect",
        "state": {
          "branch": null,
          "revision": "f2616860a41f9d9932da412a8978fec79c06fe24",
          "version": "0.1.4"
        }
      }
    ]
  },
  "version": 1
}
